// !$*UTF8*$!
{
	archiveVersion = 1;
	classes = {
	};
	objectVersion = 55;
	objects = {

/* Begin PBXBuildFile section */
		66F9DCB7278E306B000F8912 /* AppDelegate.swift in Sources */ = {isa = PBXBuildFile; fileRef = 66F9DCB6278E306B000F8912 /* AppDelegate.swift */; };
		66F9DCB9278E306B000F8912 /* SceneDelegate.swift in Sources */ = {isa = PBXBuildFile; fileRef = 66F9DCB8278E306B000F8912 /* SceneDelegate.swift */; };
		66F9DCBB278E306B000F8912 /* ViewController.swift in Sources */ = {isa = PBXBuildFile; fileRef = 66F9DCBA278E306B000F8912 /* ViewController.swift */; };
		66F9DCBE278E306B000F8912 /* Main.storyboard in Resources */ = {isa = PBXBuildFile; fileRef = 66F9DCBC278E306B000F8912 /* Main.storyboard */; };
		66F9DCC0278E306B000F8912 /* Assets.xcassets in Resources */ = {isa = PBXBuildFile; fileRef = 66F9DCBF278E306B000F8912 /* Assets.xcassets */; };
		66F9DCC3278E306B000F8912 /* LaunchScreen.storyboard in Resources */ = {isa = PBXBuildFile; fileRef = 66F9DCC1278E306B000F8912 /* LaunchScreen.storyboard */; };
		66F9DCCE278E306B000F8912 /* RGB_Hex_Code_ConverterTests.swift in Sources */ = {isa = PBXBuildFile; fileRef = 66F9DCCD278E306B000F8912 /* RGB_Hex_Code_ConverterTests.swift */; };
		66F9DCD8278E306B000F8912 /* RGB_Hex_Code_ConverterUITests.swift in Sources */ = {isa = PBXBuildFile; fileRef = 66F9DCD7278E306B000F8912 /* RGB_Hex_Code_ConverterUITests.swift */; };
		66F9DCDA278E306B000F8912 /* RGB_Hex_Code_ConverterUITestsLaunchTests.swift in Sources */ = {isa = PBXBuildFile; fileRef = 66F9DCD9278E306B000F8912 /* RGB_Hex_Code_ConverterUITestsLaunchTests.swift */; };
/* End PBXBuildFile section */

/* Begin PBXContainerItemProxy section */
		66F9DCCA278E306B000F8912 /* PBXContainerItemProxy */ = {
			isa = PBXContainerItemProxy;
			containerPortal = 66F9DCAB278E306B000F8912 /* Project object */;
			proxyType = 1;
			remoteGlobalIDString = 66F9DCB2278E306B000F8912;
			remoteInfo = "RGB Hex Code Converter";
		};
		66F9DCD4278E306B000F8912 /* PBXContainerItemProxy */ = {
			isa = PBXContainerItemProxy;
			containerPortal = 66F9DCAB278E306B000F8912 /* Project object */;
			proxyType = 1;
			remoteGlobalIDString = 66F9DCB2278E306B000F8912;
			remoteInfo = "RGB Hex Code Converter";
		};
/* End PBXContainerItemProxy section */

/* Begin PBXFileReference section */
		66F9DCB3278E306B000F8912 /* RGB Hex Code Converter.app */ = {isa = PBXFileReference; explicitFileType = wrapper.application; includeInIndex = 0; path = "RGB Hex Code Converter.app"; sourceTree = BUILT_PRODUCTS_DIR; };
		66F9DCB6278E306B000F8912 /* AppDelegate.swift */ = {isa = PBXFileReference; lastKnownFileType = sourcecode.swift; path = AppDelegate.swift; sourceTree = "<group>"; };
		66F9DCB8278E306B000F8912 /* SceneDelegate.swift */ = {isa = PBXFileReference; lastKnownFileType = sourcecode.swift; path = SceneDelegate.swift; sourceTree = "<group>"; };
		66F9DCBA278E306B000F8912 /* ViewController.swift */ = {isa = PBXFileReference; lastKnownFileType = sourcecode.swift; path = ViewController.swift; sourceTree = "<group>"; };
		66F9DCBD278E306B000F8912 /* Base */ = {isa = PBXFileReference; lastKnownFileType = file.storyboard; name = Base; path = Base.lproj/Main.storyboard; sourceTree = "<group>"; };
		66F9DCBF278E306B000F8912 /* Assets.xcassets */ = {isa = PBXFileReference; lastKnownFileType = folder.assetcatalog; path = Assets.xcassets; sourceTree = "<group>"; };
		66F9DCC2278E306B000F8912 /* Base */ = {isa = PBXFileReference; lastKnownFileType = file.storyboard; name = Base; path = Base.lproj/LaunchScreen.storyboard; sourceTree = "<group>"; };
		66F9DCC4278E306B000F8912 /* Info.plist */ = {isa = PBXFileReference; lastKnownFileType = text.plist.xml; path = Info.plist; sourceTree = "<group>"; };
		66F9DCC9278E306B000F8912 /* RGB Hex Code ConverterTests.xctest */ = {isa = PBXFileReference; explicitFileType = wrapper.cfbundle; includeInIndex = 0; path = "RGB Hex Code ConverterTests.xctest"; sourceTree = BUILT_PRODUCTS_DIR; };
		66F9DCCD278E306B000F8912 /* RGB_Hex_Code_ConverterTests.swift */ = {isa = PBXFileReference; lastKnownFileType = sourcecode.swift; path = RGB_Hex_Code_ConverterTests.swift; sourceTree = "<group>"; };
		66F9DCD3278E306B000F8912 /* RGB Hex Code ConverterUITests.xctest */ = {isa = PBXFileReference; explicitFileType = wrapper.cfbundle; includeInIndex = 0; path = "RGB Hex Code ConverterUITests.xctest"; sourceTree = BUILT_PRODUCTS_DIR; };
		66F9DCD7278E306B000F8912 /* RGB_Hex_Code_ConverterUITests.swift */ = {isa = PBXFileReference; lastKnownFileType = sourcecode.swift; path = RGB_Hex_Code_ConverterUITests.swift; sourceTree = "<group>"; };
		66F9DCD9278E306B000F8912 /* RGB_Hex_Code_ConverterUITestsLaunchTests.swift */ = {isa = PBXFileReference; lastKnownFileType = sourcecode.swift; path = RGB_Hex_Code_ConverterUITestsLaunchTests.swift; sourceTree = "<group>"; };
/* End PBXFileReference section */

/* Begin PBXFrameworksBuildPhase section */
		66F9DCB0278E306B000F8912 /* Frameworks */ = {
			isa = PBXFrameworksBuildPhase;
			buildActionMask = 2147483647;
			files = (
			);
			runOnlyForDeploymentPostprocessing = 0;
		};
		66F9DCC6278E306B000F8912 /* Frameworks */ = {
			isa = PBXFrameworksBuildPhase;
			buildActionMask = 2147483647;
			files = (
			);
			runOnlyForDeploymentPostprocessing = 0;
		};
		66F9DCD0278E306B000F8912 /* Frameworks */ = {
			isa = PBXFrameworksBuildPhase;
			buildActionMask = 2147483647;
			files = (
			);
			runOnlyForDeploymentPostprocessing = 0;
		};
/* End PBXFrameworksBuildPhase section */

/* Begin PBXGroup section */
		66F9DCAA278E306B000F8912 = {
			isa = PBXGroup;
			children = (
				66F9DCB5278E306B000F8912 /* RGB Hex Code Converter */,
				66F9DCCC278E306B000F8912 /* RGB Hex Code ConverterTests */,
				66F9DCD6278E306B000F8912 /* RGB Hex Code ConverterUITests */,
				66F9DCB4278E306B000F8912 /* Products */,
			);
			sourceTree = "<group>";
		};
		66F9DCB4278E306B000F8912 /* Products */ = {
			isa = PBXGroup;
			children = (
				66F9DCB3278E306B000F8912 /* RGB Hex Code Converter.app */,
				66F9DCC9278E306B000F8912 /* RGB Hex Code ConverterTests.xctest */,
				66F9DCD3278E306B000F8912 /* RGB Hex Code ConverterUITests.xctest */,
			);
			name = Products;
			sourceTree = "<group>";
		};
		66F9DCB5278E306B000F8912 /* RGB Hex Code Converter */ = {
			isa = PBXGroup;
			children = (
				66F9DCB6278E306B000F8912 /* AppDelegate.swift */,
				66F9DCB8278E306B000F8912 /* SceneDelegate.swift */,
				66F9DCBA278E306B000F8912 /* ViewController.swift */,
				66F9DCBC278E306B000F8912 /* Main.storyboard */,
				66F9DCBF278E306B000F8912 /* Assets.xcassets */,
				66F9DCC1278E306B000F8912 /* LaunchScreen.storyboard */,
				66F9DCC4278E306B000F8912 /* Info.plist */,
			);
			path = "RGB Hex Code Converter";
			sourceTree = "<group>";
		};
		66F9DCCC278E306B000F8912 /* RGB Hex Code ConverterTests */ = {
			isa = PBXGroup;
			children = (
				66F9DCCD278E306B000F8912 /* RGB_Hex_Code_ConverterTests.swift */,
			);
			path = "RGB Hex Code ConverterTests";
			sourceTree = "<group>";
		};
		66F9DCD6278E306B000F8912 /* RGB Hex Code ConverterUITests */ = {
			isa = PBXGroup;
			children = (
				66F9DCD7278E306B000F8912 /* RGB_Hex_Code_ConverterUITests.swift */,
				66F9DCD9278E306B000F8912 /* RGB_Hex_Code_ConverterUITestsLaunchTests.swift */,
			);
			path = "RGB Hex Code ConverterUITests";
			sourceTree = "<group>";
		};
/* End PBXGroup section */

/* Begin PBXNativeTarget section */
		66F9DCB2278E306B000F8912 /* RGB Hex Code Converter */ = {
			isa = PBXNativeTarget;
			buildConfigurationList = 66F9DCDD278E306B000F8912 /* Build configuration list for PBXNativeTarget "RGB Hex Code Converter" */;
			buildPhases = (
				66F9DCAF278E306B000F8912 /* Sources */,
				66F9DCB0278E306B000F8912 /* Frameworks */,
				66F9DCB1278E306B000F8912 /* Resources */,
			);
			buildRules = (
			);
			dependencies = (
			);
			name = "RGB Hex Code Converter";
			productName = "RGB Hex Code Converter";
			productReference = 66F9DCB3278E306B000F8912 /* RGB Hex Code Converter.app */;
			productType = "com.apple.product-type.application";
		};
		66F9DCC8278E306B000F8912 /* RGB Hex Code ConverterTests */ = {
			isa = PBXNativeTarget;
			buildConfigurationList = 66F9DCE0278E306B000F8912 /* Build configuration list for PBXNativeTarget "RGB Hex Code ConverterTests" */;
			buildPhases = (
				66F9DCC5278E306B000F8912 /* Sources */,
				66F9DCC6278E306B000F8912 /* Frameworks */,
				66F9DCC7278E306B000F8912 /* Resources */,
			);
			buildRules = (
			);
			dependencies = (
				66F9DCCB278E306B000F8912 /* PBXTargetDependency */,
			);
			name = "RGB Hex Code ConverterTests";
			productName = "RGB Hex Code ConverterTests";
			productReference = 66F9DCC9278E306B000F8912 /* RGB Hex Code ConverterTests.xctest */;
			productType = "com.apple.product-type.bundle.unit-test";
		};
		66F9DCD2278E306B000F8912 /* RGB Hex Code ConverterUITests */ = {
			isa = PBXNativeTarget;
			buildConfigurationList = 66F9DCE3278E306B000F8912 /* Build configuration list for PBXNativeTarget "RGB Hex Code ConverterUITests" */;
			buildPhases = (
				66F9DCCF278E306B000F8912 /* Sources */,
				66F9DCD0278E306B000F8912 /* Frameworks */,
				66F9DCD1278E306B000F8912 /* Resources */,
			);
			buildRules = (
			);
			dependencies = (
				66F9DCD5278E306B000F8912 /* PBXTargetDependency */,
			);
			name = "RGB Hex Code ConverterUITests";
			productName = "RGB Hex Code ConverterUITests";
			productReference = 66F9DCD3278E306B000F8912 /* RGB Hex Code ConverterUITests.xctest */;
			productType = "com.apple.product-type.bundle.ui-testing";
		};
/* End PBXNativeTarget section */

/* Begin PBXProject section */
		66F9DCAB278E306B000F8912 /* Project object */ = {
			isa = PBXProject;
			attributes = {
				BuildIndependentTargetsInParallel = 1;
				LastSwiftUpdateCheck = 1320;
				LastUpgradeCheck = 1320;
				TargetAttributes = {
					66F9DCB2278E306B000F8912 = {
						CreatedOnToolsVersion = 13.2.1;
					};
					66F9DCC8278E306B000F8912 = {
						CreatedOnToolsVersion = 13.2.1;
						TestTargetID = 66F9DCB2278E306B000F8912;
					};
					66F9DCD2278E306B000F8912 = {
						CreatedOnToolsVersion = 13.2.1;
						TestTargetID = 66F9DCB2278E306B000F8912;
					};
				};
			};
			buildConfigurationList = 66F9DCAE278E306B000F8912 /* Build configuration list for PBXProject "RGB Hex Code Converter" */;
			compatibilityVersion = "Xcode 13.0";
			developmentRegion = en;
			hasScannedForEncodings = 0;
			knownRegions = (
				en,
				Base,
			);
			mainGroup = 66F9DCAA278E306B000F8912;
			productRefGroup = 66F9DCB4278E306B000F8912 /* Products */;
			projectDirPath = "";
			projectRoot = "";
			targets = (
				66F9DCB2278E306B000F8912 /* RGB Hex Code Converter */,
				66F9DCC8278E306B000F8912 /* RGB Hex Code ConverterTests */,
				66F9DCD2278E306B000F8912 /* RGB Hex Code ConverterUITests */,
			);
		};
/* End PBXProject section */

/* Begin PBXResourcesBuildPhase section */
		66F9DCB1278E306B000F8912 /* Resources */ = {
			isa = PBXResourcesBuildPhase;
			buildActionMask = 2147483647;
			files = (
				66F9DCC3278E306B000F8912 /* LaunchScreen.storyboard in Resources */,
				66F9DCC0278E306B000F8912 /* Assets.xcassets in Resources */,
				66F9DCBE278E306B000F8912 /* Main.storyboard in Resources */,
			);
			runOnlyForDeploymentPostprocessing = 0;
		};
		66F9DCC7278E306B000F8912 /* Resources */ = {
			isa = PBXResourcesBuildPhase;
			buildActionMask = 2147483647;
			files = (
			);
			runOnlyForDeploymentPostprocessing = 0;
		};
		66F9DCD1278E306B000F8912 /* Resources */ = {
			isa = PBXResourcesBuildPhase;
			buildActionMask = 2147483647;
			files = (
			);
			runOnlyForDeploymentPostprocessing = 0;
		};
/* End PBXResourcesBuildPhase section */

/* Begin PBXSourcesBuildPhase section */
		66F9DCAF278E306B000F8912 /* Sources */ = {
			isa = PBXSourcesBuildPhase;
			buildActionMask = 2147483647;
			files = (
				66F9DCBB278E306B000F8912 /* ViewController.swift in Sources */,
				66F9DCB7278E306B000F8912 /* AppDelegate.swift in Sources */,
				66F9DCB9278E306B000F8912 /* SceneDelegate.swift in Sources */,
			);
			runOnlyForDeploymentPostprocessing = 0;
		};
		66F9DCC5278E306B000F8912 /* Sources */ = {
			isa = PBXSourcesBuildPhase;
			buildActionMask = 2147483647;
			files = (
				66F9DCCE278E306B000F8912 /* RGB_Hex_Code_ConverterTests.swift in Sources */,
			);
			runOnlyForDeploymentPostprocessing = 0;
		};
		66F9DCCF278E306B000F8912 /* Sources */ = {
			isa = PBXSourcesBuildPhase;
			buildActionMask = 2147483647;
			files = (
				66F9DCDA278E306B000F8912 /* RGB_Hex_Code_ConverterUITestsLaunchTests.swift in Sources */,
				66F9DCD8278E306B000F8912 /* RGB_Hex_Code_ConverterUITests.swift in Sources */,
			);
			runOnlyForDeploymentPostprocessing = 0;
		};
/* End PBXSourcesBuildPhase section */

/* Begin PBXTargetDependency section */
		66F9DCCB278E306B000F8912 /* PBXTargetDependency */ = {
			isa = PBXTargetDependency;
			target = 66F9DCB2278E306B000F8912 /* RGB Hex Code Converter */;
			targetProxy = 66F9DCCA278E306B000F8912 /* PBXContainerItemProxy */;
		};
		66F9DCD5278E306B000F8912 /* PBXTargetDependency */ = {
			isa = PBXTargetDependency;
			target = 66F9DCB2278E306B000F8912 /* RGB Hex Code Converter */;
			targetProxy = 66F9DCD4278E306B000F8912 /* PBXContainerItemProxy */;
		};
/* End PBXTargetDependency section */

/* Begin PBXVariantGroup section */
		66F9DCBC278E306B000F8912 /* Main.storyboard */ = {
			isa = PBXVariantGroup;
			children = (
				66F9DCBD278E306B000F8912 /* Base */,
			);
			name = Main.storyboard;
			sourceTree = "<group>";
		};
		66F9DCC1278E306B000F8912 /* LaunchScreen.storyboard */ = {
			isa = PBXVariantGroup;
			children = (
				66F9DCC2278E306B000F8912 /* Base */,
			);
			name = LaunchScreen.storyboard;
			sourceTree = "<group>";
		};
/* End PBXVariantGroup section */

/* Begin XCBuildConfiguration section */
		66F9DCDB278E306B000F8912 /* Debug */ = {
			isa = XCBuildConfiguration;
			buildSettings = {
				ALWAYS_SEARCH_USER_PATHS = NO;
				CLANG_ANALYZER_NONNULL = YES;
				CLANG_ANALYZER_NUMBER_OBJECT_CONVERSION = YES_AGGRESSIVE;
				CLANG_CXX_LANGUAGE_STANDARD = "gnu++17";
				CLANG_CXX_LIBRARY = "libc++";
				CLANG_ENABLE_MODULES = YES;
				CLANG_ENABLE_OBJC_ARC = YES;
				CLANG_ENABLE_OBJC_WEAK = YES;
				CLANG_WARN_BLOCK_CAPTURE_AUTORELEASING = YES;
				CLANG_WARN_BOOL_CONVERSION = YES;
				CLANG_WARN_COMMA = YES;
				CLANG_WARN_CONSTANT_CONVERSION = YES;
				CLANG_WARN_DEPRECATED_OBJC_IMPLEMENTATIONS = YES;
				CLANG_WARN_DIRECT_OBJC_ISA_USAGE = YES_ERROR;
				CLANG_WARN_DOCUMENTATION_COMMENTS = YES;
				CLANG_WARN_EMPTY_BODY = YES;
				CLANG_WARN_ENUM_CONVERSION = YES;
				CLANG_WARN_INFINITE_RECURSION = YES;
				CLANG_WARN_INT_CONVERSION = YES;
				CLANG_WARN_NON_LITERAL_NULL_CONVERSION = YES;
				CLANG_WARN_OBJC_IMPLICIT_RETAIN_SELF = YES;
				CLANG_WARN_OBJC_LITERAL_CONVERSION = YES;
				CLANG_WARN_OBJC_ROOT_CLASS = YES_ERROR;
				CLANG_WARN_QUOTED_INCLUDE_IN_FRAMEWORK_HEADER = YES;
				CLANG_WARN_RANGE_LOOP_ANALYSIS = YES;
				CLANG_WARN_STRICT_PROTOTYPES = YES;
				CLANG_WARN_SUSPICIOUS_MOVE = YES;
				CLANG_WARN_UNGUARDED_AVAILABILITY = YES_AGGRESSIVE;
				CLANG_WARN_UNREACHABLE_CODE = YES;
				CLANG_WARN__DUPLICATE_METHOD_MATCH = YES;
				COPY_PHASE_STRIP = NO;
				DEBUG_INFORMATION_FORMAT = dwarf;
				ENABLE_STRICT_OBJC_MSGSEND = YES;
				ENABLE_TESTABILITY = YES;
				GCC_C_LANGUAGE_STANDARD = gnu11;
				GCC_DYNAMIC_NO_PIC = NO;
				GCC_NO_COMMON_BLOCKS = YES;
				GCC_OPTIMIZATION_LEVEL = 0;
				GCC_PREPROCESSOR_DEFINITIONS = (
					"DEBUG=1",
					"$(inherited)",
				);
				GCC_WARN_64_TO_32_BIT_CONVERSION = YES;
				GCC_WARN_ABOUT_RETURN_TYPE = YES_ERROR;
				GCC_WARN_UNDECLARED_SELECTOR = YES;
				GCC_WARN_UNINITIALIZED_AUTOS = YES_AGGRESSIVE;
				GCC_WARN_UNUSED_FUNCTION = YES;
				GCC_WARN_UNUSED_VARIABLE = YES;
				IPHONEOS_DEPLOYMENT_TARGET = 15.2;
				MTL_ENABLE_DEBUG_INFO = INCLUDE_SOURCE;
				MTL_FAST_MATH = YES;
				ONLY_ACTIVE_ARCH = YES;
				SDKROOT = iphoneos;
				SWIFT_ACTIVE_COMPILATION_CONDITIONS = DEBUG;
				SWIFT_OPTIMIZATION_LEVEL = "-Onone";
			};
			name = Debug;
		};
		66F9DCDC278E306B000F8912 /* Release */ = {
			isa = XCBuildConfiguration;
			buildSettings = {
				ALWAYS_SEARCH_USER_PATHS = NO;
				CLANG_ANALYZER_NONNULL = YES;
				CLANG_ANALYZER_NUMBER_OBJECT_CONVERSION = YES_AGGRESSIVE;
				CLANG_CXX_LANGUAGE_STANDARD = "gnu++17";
				CLANG_CXX_LIBRARY = "libc++";
				CLANG_ENABLE_MODULES = YES;
				CLANG_ENABLE_OBJC_ARC = YES;
				CLANG_ENABLE_OBJC_WEAK = YES;
				CLANG_WARN_BLOCK_CAPTURE_AUTORELEASING = YES;
				CLANG_WARN_BOOL_CONVERSION = YES;
				CLANG_WARN_COMMA = YES;
				CLANG_WARN_CONSTANT_CONVERSION = YES;
				CLANG_WARN_DEPRECATED_OBJC_IMPLEMENTATIONS = YES;
				CLANG_WARN_DIRECT_OBJC_ISA_USAGE = YES_ERROR;
				CLANG_WARN_DOCUMENTATION_COMMENTS = YES;
				CLANG_WARN_EMPTY_BODY = YES;
				CLANG_WARN_ENUM_CONVERSION = YES;
				CLANG_WARN_INFINITE_RECURSION = YES;
				CLANG_WARN_INT_CONVERSION = YES;
				CLANG_WARN_NON_LITERAL_NULL_CONVERSION = YES;
				CLANG_WARN_OBJC_IMPLICIT_RETAIN_SELF = YES;
				CLANG_WARN_OBJC_LITERAL_CONVERSION = YES;
				CLANG_WARN_OBJC_ROOT_CLASS = YES_ERROR;
				CLANG_WARN_QUOTED_INCLUDE_IN_FRAMEWORK_HEADER = YES;
				CLANG_WARN_RANGE_LOOP_ANALYSIS = YES;
				CLANG_WARN_STRICT_PROTOTYPES = YES;
				CLANG_WARN_SUSPICIOUS_MOVE = YES;
				CLANG_WARN_UNGUARDED_AVAILABILITY = YES_AGGRESSIVE;
				CLANG_WARN_UNREACHABLE_CODE = YES;
				CLANG_WARN__DUPLICATE_METHOD_MATCH = YES;
				COPY_PHASE_STRIP = NO;
				DEBUG_INFORMATION_FORMAT = "dwarf-with-dsym";
				ENABLE_NS_ASSERTIONS = NO;
				ENABLE_STRICT_OBJC_MSGSEND = YES;
				GCC_C_LANGUAGE_STANDARD = gnu11;
				GCC_NO_COMMON_BLOCKS = YES;
				GCC_WARN_64_TO_32_BIT_CONVERSION = YES;
				GCC_WARN_ABOUT_RETURN_TYPE = YES_ERROR;
				GCC_WARN_UNDECLARED_SELECTOR = YES;
				GCC_WARN_UNINITIALIZED_AUTOS = YES_AGGRESSIVE;
				GCC_WARN_UNUSED_FUNCTION = YES;
				GCC_WARN_UNUSED_VARIABLE = YES;
				IPHONEOS_DEPLOYMENT_TARGET = 15.2;
				MTL_ENABLE_DEBUG_INFO = NO;
				MTL_FAST_MATH = YES;
				SDKROOT = iphoneos;
				SWIFT_COMPILATION_MODE = wholemodule;
				SWIFT_OPTIMIZATION_LEVEL = "-O";
				VALIDATE_PRODUCT = YES;
			};
			name = Release;
		};
		66F9DCDE278E306B000F8912 /* Debug */ = {
			isa = XCBuildConfiguration;
			buildSettings = {
				ASSETCATALOG_COMPILER_APPICON_NAME = AppIcon;
				ASSETCATALOG_COMPILER_GLOBAL_ACCENT_COLOR_NAME = AccentColor;
				CODE_SIGN_STYLE = Automatic;
				CURRENT_PROJECT_VERSION = 1;
				DEVELOPMENT_TEAM = JA99D36A2G;
				GENERATE_INFOPLIST_FILE = YES;
				INFOPLIST_FILE = "RGB Hex Code Converter/Info.plist";
				INFOPLIST_KEY_UIApplicationSupportsIndirectInputEvents = YES;
				INFOPLIST_KEY_UILaunchStoryboardName = LaunchScreen;
				INFOPLIST_KEY_UIMainStoryboardFile = Main;
				INFOPLIST_KEY_UISupportedInterfaceOrientations_iPad = "UIInterfaceOrientationPortrait UIInterfaceOrientationPortraitUpsideDown UIInterfaceOrientationLandscapeLeft UIInterfaceOrientationLandscapeRight";
				INFOPLIST_KEY_UISupportedInterfaceOrientations_iPhone = "UIInterfaceOrientationPortrait UIInterfaceOrientationLandscapeLeft UIInterfaceOrientationLandscapeRight";
				LD_RUNPATH_SEARCH_PATHS = (
					"$(inherited)",
					"@executable_path/Frameworks",
				);
				MARKETING_VERSION = 1.0;
				PRODUCT_BUNDLE_IDENTIFIER = "AdamRoberts.dev.RGB-Hex-Code-Converter";
				PRODUCT_NAME = "$(TARGET_NAME)";
				SWIFT_EMIT_LOC_STRINGS = YES;
				SWIFT_VERSION = 5.0;
				TARGETED_DEVICE_FAMILY = "1,2";
			};
			name = Debug;
		};
		66F9DCDF278E306B000F8912 /* Release */ = {
			isa = XCBuildConfiguration;
			buildSettings = {
				ASSETCATALOG_COMPILER_APPICON_NAME = AppIcon;
				ASSETCATALOG_COMPILER_GLOBAL_ACCENT_COLOR_NAME = AccentColor;
				CODE_SIGN_STYLE = Automatic;
				CURRENT_PROJECT_VERSION = 1;
				DEVELOPMENT_TEAM = JA99D36A2G;
				GENERATE_INFOPLIST_FILE = YES;
				INFOPLIST_FILE = "RGB Hex Code Converter/Info.plist";
				INFOPLIST_KEY_UIApplicationSupportsIndirectInputEvents = YES;
				INFOPLIST_KEY_UILaunchStoryboardName = LaunchScreen;
				INFOPLIST_KEY_UIMainStoryboardFile = Main;
				INFOPLIST_KEY_UISupportedInterfaceOrientations_iPad = "UIInterfaceOrientationPortrait UIInterfaceOrientationPortraitUpsideDown UIInterfaceOrientationLandscapeLeft UIInterfaceOrientationLandscapeRight";
				INFOPLIST_KEY_UISupportedInterfaceOrientations_iPhone = "UIInterfaceOrientationPortrait UIInterfaceOrientationLandscapeLeft UIInterfaceOrientationLandscapeRight";
				LD_RUNPATH_SEARCH_PATHS = (
					"$(inherited)",
					"@executable_path/Frameworks",
				);
				MARKETING_VERSION = 1.0;
				PRODUCT_BUNDLE_IDENTIFIER = "AdamRoberts.dev.RGB-Hex-Code-Converter";
				PRODUCT_NAME = "$(TARGET_NAME)";
				SWIFT_EMIT_LOC_STRINGS = YES;
				SWIFT_VERSION = 5.0;
				TARGETED_DEVICE_FAMILY = "1,2";
			};
			name = Release;
		};
		66F9DCE1278E306B000F8912 /* Debug */ = {
			isa = XCBuildConfiguration;
			buildSettings = {
				ALWAYS_EMBED_SWIFT_STANDARD_LIBRARIES = YES;
				BUNDLE_LOADER = "$(TEST_HOST)";
				CODE_SIGN_STYLE = Automatic;
				CURRENT_PROJECT_VERSION = 1;
				DEVELOPMENT_TEAM = JA99D36A2G;
				GENERATE_INFOPLIST_FILE = YES;
				IPHONEOS_DEPLOYMENT_TARGET = 15.2;
				MARKETING_VERSION = 1.0;
				PRODUCT_BUNDLE_IDENTIFIER = "AdamRoberts.dev.RGB-Hex-Code-ConverterTests";
				PRODUCT_NAME = "$(TARGET_NAME)";
				SWIFT_EMIT_LOC_STRINGS = NO;
				SWIFT_VERSION = 5.0;
				TARGETED_DEVICE_FAMILY = "1,2";
				TEST_HOST = "$(BUILT_PRODUCTS_DIR)/RGB Hex Code Converter.app/RGB Hex Code Converter";
			};
			name = Debug;
		};
		66F9DCE2278E306B000F8912 /* Release */ = {
			isa = XCBuildConfiguration;
			buildSettings = {
				ALWAYS_EMBED_SWIFT_STANDARD_LIBRARIES = YES;
				BUNDLE_LOADER = "$(TEST_HOST)";
				CODE_SIGN_STYLE = Automatic;
				CURRENT_PROJECT_VERSION = 1;
				DEVELOPMENT_TEAM = JA99D36A2G;
				GENERATE_INFOPLIST_FILE = YES;
				IPHONEOS_DEPLOYMENT_TARGET = 15.2;
				MARKETING_VERSION = 1.0;
				PRODUCT_BUNDLE_IDENTIFIER = "AdamRoberts.dev.RGB-Hex-Code-ConverterTests";
				PRODUCT_NAME = "$(TARGET_NAME)";
				SWIFT_EMIT_LOC_STRINGS = NO;
				SWIFT_VERSION = 5.0;
				TARGETED_DEVICE_FAMILY = "1,2";
				TEST_HOST = "$(BUILT_PRODUCTS_DIR)/RGB Hex Code Converter.app/RGB Hex Code Converter";
			};
			name = Release;
		};
		66F9DCE4278E306B000F8912 /* Debug */ = {
			isa = XCBuildConfiguration;
			buildSettings = {
				ALWAYS_EMBED_SWIFT_STANDARD_LIBRARIES = YES;
				CODE_SIGN_STYLE = Automatic;
				CURRENT_PROJECT_VERSION = 1;
				DEVELOPMENT_TEAM = JA99D36A2G;
				GENERATE_INFOPLIST_FILE = YES;
				MARKETING_VERSION = 1.0;
				PRODUCT_BUNDLE_IDENTIFIER = "AdamRoberts.dev.RGB-Hex-Code-ConverterUITests";
				PRODUCT_NAME = "$(TARGET_NAME)";
				SWIFT_EMIT_LOC_STRINGS = NO;
				SWIFT_VERSION = 5.0;
				TARGETED_DEVICE_FAMILY = "1,2";
				TEST_TARGET_NAME = "RGB Hex Code Converter";
			};
			name = Debug;
		};
		66F9DCE5278E306B000F8912 /* Release */ = {
			isa = XCBuildConfiguration;
			buildSettings = {
				ALWAYS_EMBED_SWIFT_STANDARD_LIBRARIES = YES;
				CODE_SIGN_STYLE = Automatic;
				CURRENT_PROJECT_VERSION = 1;
				DEVELOPMENT_TEAM = JA99D36A2G;
				GENERATE_INFOPLIST_FILE = YES;
				MARKETING_VERSION = 1.0;
				PRODUCT_BUNDLE_IDENTIFIER = "AdamRoberts.dev.RGB-Hex-Code-ConverterUITests";
				PRODUCT_NAME = "$(TARGET_NAME)";
				SWIFT_EMIT_LOC_STRINGS = NO;
				SWIFT_VERSION = 5.0;
				TARGETED_DEVICE_FAMILY = "1,2";
				TEST_TARGET_NAME = "RGB Hex Code Converter";
			};
			name = Release;
		};
/* End XCBuildConfiguration section */

/* Begin XCConfigurationList section */
		66F9DCAE278E306B000F8912 /* Build configuration list for PBXProject "RGB Hex Code Converter" */ = {
			isa = XCConfigurationList;
			buildConfigurations = (
				66F9DCDB278E306B000F8912 /* Debug */,
				66F9DCDC278E306B000F8912 /* Release */,
			);
			defaultConfigurationIsVisible = 0;
			defaultConfigurationName = Release;
		};
		66F9DCDD278E306B000F8912 /* Build configuration list for PBXNativeTarget "RGB Hex Code Converter" */ = {
			isa = XCConfigurationList;
			buildConfigurations = (
				66F9DCDE278E306B000F8912 /* Debug */,
				66F9DCDF278E306B000F8912 /* Release */,
			);
			defaultConfigurationIsVisible = 0;
			defaultConfigurationName = Release;
		};
		66F9DCE0278E306B000F8912 /* Build configuration list for PBXNativeTarget "RGB Hex Code ConverterTests" */ = {
			isa = XCConfigurationList;
			buildConfigurations = (
				66F9DCE1278E306B000F8912 /* Debug */,
				66F9DCE2278E306B000F8912 /* Release */,
			);
			defaultConfigurationIsVisible = 0;
			defaultConfigurationName = Release;
		};
		66F9DCE3278E306B000F8912 /* Build configuration list for PBXNativeTarget "RGB Hex Code ConverterUITests" */ = {
			isa = XCConfigurationList;
			buildConfigurations = (
				66F9DCE4278E306B000F8912 /* Debug */,
				66F9DCE5278E306B000F8912 /* Release */,
			);
			defaultConfigurationIsVisible = 0;
			defaultConfigurationName = Release;
		};
/* End XCConfigurationList section */
	};
	rootObject = 66F9DCAB278E306B000F8912 /* Project object */;
}
